Microsoft Visual Studio Solution File, Format Version 11.00
# Visual Studio 2008

Project("{4D1F8998-0965-3F6C-7AD2-DF0973277CD8}") = "RacingDemo", "Assembly-CSharp-firstpass.csproj", "{3D4DD121-52D4-115F-2F74-0E1F775D7F19}"
EndProject
Project("{4D1F8998-0965-3F6C-7AD2-DF0973277CD8}") = "RacingDemo", "Assembly-CSharp.csproj", "{7FFC3729-1ED5-9EE9-F52F-94E62A349950}"
EndProject
Project("{4D1F8998-0965-3F6C-7AD2-DF0973277CD8}") = "RacingDemo", "Assembly-CSharp-Editor.csproj", "{2A1544F6-4210-FEDA-8E55-5A25A412E42D}"
EndProject
Global
	GlobalSection(SolutionConfigurationPlatforms) = preSolution
		Debug|Any CPU = Debug|Any CPU
		Release|Any CPU = Release|Any CPU
	EndGlobalSection
	GlobalSection(ProjectConfigurationPlatforms) = postSolution
		{3D4DD121-52D4-115F-2F74-0E1F775D7F19}.Debug|Any CPU.ActiveCfg = Debug|Any CPU
		{3D4DD121-52D4-115F-2F74-0E1F775D7F19}.Debug|Any CPU.Build.0 = Debug|Any CPU
		{3D4DD121-52D4-115F-2F74-0E1F775D7F19}.Release|Any CPU.ActiveCfg = Release|Any CPU
		{3D4DD121-52D4-115F-2F74-0E1F775D7F19}.Release|Any CPU.Build.0 = Release|Any CPU
		{7FFC3729-1ED5-9EE9-F52F-94E62A349950}.Debug|Any CPU.ActiveCfg = Debug|Any CPU
		{7FFC3729-1ED5-9EE9-F52F-94E62A349950}.Debug|Any CPU.Build.0 = Debug|Any CPU
		{7FFC3729-1ED5-9EE9-F52F-94E62A349950}.Release|Any CPU.ActiveCfg = Release|Any CPU
		{7FFC3729-1ED5-9EE9-F52F-94E62A349950}.Release|Any CPU.Build.0 = Release|Any CPU
		{2A1544F6-4210-FEDA-8E55-5A25A412E42D}.Debug|Any CPU.ActiveCfg = Debug|Any CPU
		{2A1544F6-4210-FEDA-8E55-5A25A412E42D}.Debug|Any CPU.Build.0 = Debug|Any CPU
		{2A1544F6-4210-FEDA-8E55-5A25A412E42D}.Release|Any CPU.ActiveCfg = Release|Any CPU
		{2A1544F6-4210-FEDA-8E55-5A25A412E42D}.Release|Any CPU.Build.0 = Release|Any CPU
	EndGlobalSection
	GlobalSection(SolutionProperties) = preSolution
		HideSolutionNode = FALSE
	EndGlobalSection
	GlobalSection(MonoDevelopProperties) = preSolution
		StartupItem = Assembly-CSharp.csproj
	EndGlobalSection
EndGlobal
