
Microsoft Visual Studio Solution File, Format Version 12.00
# Visual Studio 15
Project("{FAE04EC0-301F-11D3-BF4B-00C04F79EFBC}") = "Assembly-CSharp", "Assembly-CSharp.csproj", "{EB2AD5AD-0A20-2FEF-5A35-19CAC8B2E749}"
EndProject
Project("{FAE04EC0-301F-11D3-BF4B-00C04F79EFBC}") = "Assembly-CSharp-firstpass", "Assembly-CSharp-firstpass.csproj", "{D431B63C-EAA3-AB9B-E708-DE7950D1A35E}"
EndProject
Project("{FAE04EC0-301F-11D3-BF4B-00C04F79EFBC}") = "Assembly-CSharp-Editor", "Assembly-CSharp-Editor.csproj", "{0BD1FE2C-1546-6969-DBCE-588298D1783F}"
EndProject
Global
	GlobalSection(SolutionConfigurationPlatforms) = preSolution
		Debug|Any CPU = Debug|Any CPU
		Release|Any CPU = Release|Any CPU
	EndGlobalSection
	GlobalSection(ProjectConfigurationPlatforms) = postSolution
		{EB2AD5AD-0A20-2FEF-5A35-19CAC8B2E749}.Debug|Any CPU.ActiveCfg = Debug|Any CPU
		{EB2AD5AD-0A20-2FEF-5A35-19CAC8B2E749}.Debug|Any CPU.Build.0 = Debug|Any CPU
		{EB2AD5AD-0A20-2FEF-5A35-19CAC8B2E749}.Release|Any CPU.ActiveCfg = Release|Any CPU
		{EB2AD5AD-0A20-2FEF-5A35-19CAC8B2E749}.Release|Any CPU.Build.0 = Release|Any CPU
		{D431B63C-EAA3-AB9B-E708-DE7950D1A35E}.Debug|Any CPU.ActiveCfg = Debug|Any CPU
		{D431B63C-EAA3-AB9B-E708-DE7950D1A35E}.Debug|Any CPU.Build.0 = Debug|Any CPU
		{D431B63C-EAA3-AB9B-E708-DE7950D1A35E}.Release|Any CPU.ActiveCfg = Release|Any CPU
		{D431B63C-EAA3-AB9B-E708-DE7950D1A35E}.Release|Any CPU.Build.0 = Release|Any CPU
		{0BD1FE2C-1546-6969-DBCE-588298D1783F}.Debug|Any CPU.ActiveCfg = Debug|Any CPU
		{0BD1FE2C-1546-6969-DBCE-588298D1783F}.Debug|Any CPU.Build.0 = Debug|Any CPU
		{0BD1FE2C-1546-6969-DBCE-588298D1783F}.Release|Any CPU.ActiveCfg = Release|Any CPU
		{0BD1FE2C-1546-6969-DBCE-588298D1783F}.Release|Any CPU.Build.0 = Release|Any CPU
	EndGlobalSection
	GlobalSection(SolutionProperties) = preSolution
		HideSolutionNode = FALSE
	EndGlobalSection
EndGlobal
